
Microsoft Visual Studio Solution File, Format Version 12.00
# Visual Studio Version 16
VisualStudioVersion = 16.0.31515.178
MinimumVisualStudioVersion = 10.0.40219.1
Project("{8BC9CEB8-8B4A-11D0-8D11-00A0C91BC942}") = "프로그램13-2", "프로그램13-2.vcxproj", "{C26709D7-3E99-42FB-A0AD-BFE090BA429C}"
EndProject
Global
	GlobalSection(SolutionConfigurationPlatforms) = preSolution
		Debug|x64 = Debug|x64
		Debug|x86 = Debug|x86
		Release|x64 = Release|x64
		Release|x86 = Release|x86
	EndGlobalSection
	GlobalSection(ProjectConfigurationPlatforms) = postSolution
		{C26709D7-3E99-42FB-A0AD-BFE090BA429C}.Debug|x64.ActiveCfg = Debug|x64
		{C26709D7-3E99-42FB-A0AD-BFE090BA429C}.Debug|x64.Build.0 = Debug|x64
		{C26709D7-3E99-42FB-A0AD-BFE090BA429C}.Debug|x86.ActiveCfg = Debug|Win32
		{C26709D7-3E99-42FB-A0AD-BFE090BA429C}.Debug|x86.Build.0 = Debug|Win32
		{C26709D7-3E99-42FB-A0AD-BFE090BA429C}.Release|x64.ActiveCfg = Release|x64
		{C26709D7-3E99-42FB-A0AD-BFE090BA429C}.Release|x64.Build.0 = Release|x64
		{C26709D7-3E99-42FB-A0AD-BFE090BA429C}.Release|x86.ActiveCfg = Release|Win32
		{C26709D7-3E99-42FB-A0AD-BFE090BA429C}.Release|x86.Build.0 = Release|Win32
	EndGlobalSection
	GlobalSection(SolutionProperties) = preSolution
		HideSolutionNode = FALSE
	EndGlobalSection
	GlobalSection(ExtensibilityGlobals) = postSolution
		SolutionGuid = {F133A592-23BE-4414-A2A0-1BA7AAF8F497}
	EndGlobalSection
EndGlobal
