
Microsoft Visual Studio Solution File, Format Version 12.00
# Visual Studio Version 16
VisualStudioVersion = 16.0.31515.178
MinimumVisualStudioVersion = 10.0.40219.1
Project("{8BC9CEB8-8B4A-11D0-8D11-00A0C91BC942}") = "프로그램12-9", "프로그램12-9.vcxproj", "{0E179BF4-7007-410E-96B2-B92DCAA669E9}"
EndProject
Global
	GlobalSection(SolutionConfigurationPlatforms) = preSolution
		Debug|x64 = Debug|x64
		Debug|x86 = Debug|x86
		Release|x64 = Release|x64
		Release|x86 = Release|x86
	EndGlobalSection
	GlobalSection(ProjectConfigurationPlatforms) = postSolution
		{0E179BF4-7007-410E-96B2-B92DCAA669E9}.Debug|x64.ActiveCfg = Debug|x64
		{0E179BF4-7007-410E-96B2-B92DCAA669E9}.Debug|x64.Build.0 = Debug|x64
		{0E179BF4-7007-410E-96B2-B92DCAA669E9}.Debug|x86.ActiveCfg = Debug|Win32
		{0E179BF4-7007-410E-96B2-B92DCAA669E9}.Debug|x86.Build.0 = Debug|Win32
		{0E179BF4-7007-410E-96B2-B92DCAA669E9}.Release|x64.ActiveCfg = Release|x64
		{0E179BF4-7007-410E-96B2-B92DCAA669E9}.Release|x64.Build.0 = Release|x64
		{0E179BF4-7007-410E-96B2-B92DCAA669E9}.Release|x86.ActiveCfg = Release|Win32
		{0E179BF4-7007-410E-96B2-B92DCAA669E9}.Release|x86.Build.0 = Release|Win32
	EndGlobalSection
	GlobalSection(SolutionProperties) = preSolution
		HideSolutionNode = FALSE
	EndGlobalSection
	GlobalSection(ExtensibilityGlobals) = postSolution
		SolutionGuid = {537313D7-3DBC-4E74-9A31-8EE5AD65CEEF}
	EndGlobalSection
EndGlobal
