
Microsoft Visual Studio Solution File, Format Version 12.00
# Visual Studio Version 16
VisualStudioVersion = 16.0.31515.178
MinimumVisualStudioVersion = 10.0.40219.1
Project("{8BC9CEB8-8B4A-11D0-8D11-00A0C91BC942}") = "prac15", "prac15.vcxproj", "{92952F8D-8682-4A69-A090-38183C864C8D}"
EndProject
Global
	GlobalSection(SolutionConfigurationPlatforms) = preSolution
		Debug|x64 = Debug|x64
		Debug|x86 = Debug|x86
		Release|x64 = Release|x64
		Release|x86 = Release|x86
	EndGlobalSection
	GlobalSection(ProjectConfigurationPlatforms) = postSolution
		{92952F8D-8682-4A69-A090-38183C864C8D}.Debug|x64.ActiveCfg = Debug|x64
		{92952F8D-8682-4A69-A090-38183C864C8D}.Debug|x64.Build.0 = Debug|x64
		{92952F8D-8682-4A69-A090-38183C864C8D}.Debug|x86.ActiveCfg = Debug|Win32
		{92952F8D-8682-4A69-A090-38183C864C8D}.Debug|x86.Build.0 = Debug|Win32
		{92952F8D-8682-4A69-A090-38183C864C8D}.Release|x64.ActiveCfg = Release|x64
		{92952F8D-8682-4A69-A090-38183C864C8D}.Release|x64.Build.0 = Release|x64
		{92952F8D-8682-4A69-A090-38183C864C8D}.Release|x86.ActiveCfg = Release|Win32
		{92952F8D-8682-4A69-A090-38183C864C8D}.Release|x86.Build.0 = Release|Win32
	EndGlobalSection
	GlobalSection(SolutionProperties) = preSolution
		HideSolutionNode = FALSE
	EndGlobalSection
	GlobalSection(ExtensibilityGlobals) = postSolution
		SolutionGuid = {9F6E809A-0CB7-456A-AC91-51C19F396586}
	EndGlobalSection
EndGlobal
