
Microsoft Visual Studio Solution File, Format Version 12.00
# Visual Studio Version 16
VisualStudioVersion = 16.0.31515.178
MinimumVisualStudioVersion = 10.0.40219.1
Project("{8BC9CEB8-8B4A-11D0-8D11-00A0C91BC942}") = "프로그램14-2", "프로그램14-2.vcxproj", "{203AB0D9-334B-484D-9A07-CAD61758F72E}"
EndProject
Global
	GlobalSection(SolutionConfigurationPlatforms) = preSolution
		Debug|x64 = Debug|x64
		Debug|x86 = Debug|x86
		Release|x64 = Release|x64
		Release|x86 = Release|x86
	EndGlobalSection
	GlobalSection(ProjectConfigurationPlatforms) = postSolution
		{203AB0D9-334B-484D-9A07-CAD61758F72E}.Debug|x64.ActiveCfg = Debug|x64
		{203AB0D9-334B-484D-9A07-CAD61758F72E}.Debug|x64.Build.0 = Debug|x64
		{203AB0D9-334B-484D-9A07-CAD61758F72E}.Debug|x86.ActiveCfg = Debug|Win32
		{203AB0D9-334B-484D-9A07-CAD61758F72E}.Debug|x86.Build.0 = Debug|Win32
		{203AB0D9-334B-484D-9A07-CAD61758F72E}.Release|x64.ActiveCfg = Release|x64
		{203AB0D9-334B-484D-9A07-CAD61758F72E}.Release|x64.Build.0 = Release|x64
		{203AB0D9-334B-484D-9A07-CAD61758F72E}.Release|x86.ActiveCfg = Release|Win32
		{203AB0D9-334B-484D-9A07-CAD61758F72E}.Release|x86.Build.0 = Release|Win32
	EndGlobalSection
	GlobalSection(SolutionProperties) = preSolution
		HideSolutionNode = FALSE
	EndGlobalSection
	GlobalSection(ExtensibilityGlobals) = postSolution
		SolutionGuid = {00A7B455-F540-40D0-8D49-AC6C6A1A74BE}
	EndGlobalSection
EndGlobal
