
Microsoft Visual Studio Solution File, Format Version 12.00
# Visual Studio Version 16
VisualStudioVersion = 16.0.31515.178
MinimumVisualStudioVersion = 10.0.40219.1
Project("{8BC9CEB8-8B4A-11D0-8D11-00A0C91BC942}") = "프로그램5-1", "프로그램5-1.vcxproj", "{835DFD37-CB1D-4805-9BCF-5E2DD986DA8B}"
EndProject
Global
	GlobalSection(SolutionConfigurationPlatforms) = preSolution
		Debug|x64 = Debug|x64
		Debug|x86 = Debug|x86
		Release|x64 = Release|x64
		Release|x86 = Release|x86
	EndGlobalSection
	GlobalSection(ProjectConfigurationPlatforms) = postSolution
		{835DFD37-CB1D-4805-9BCF-5E2DD986DA8B}.Debug|x64.ActiveCfg = Debug|x64
		{835DFD37-CB1D-4805-9BCF-5E2DD986DA8B}.Debug|x64.Build.0 = Debug|x64
		{835DFD37-CB1D-4805-9BCF-5E2DD986DA8B}.Debug|x86.ActiveCfg = Debug|Win32
		{835DFD37-CB1D-4805-9BCF-5E2DD986DA8B}.Debug|x86.Build.0 = Debug|Win32
		{835DFD37-CB1D-4805-9BCF-5E2DD986DA8B}.Release|x64.ActiveCfg = Release|x64
		{835DFD37-CB1D-4805-9BCF-5E2DD986DA8B}.Release|x64.Build.0 = Release|x64
		{835DFD37-CB1D-4805-9BCF-5E2DD986DA8B}.Release|x86.ActiveCfg = Release|Win32
		{835DFD37-CB1D-4805-9BCF-5E2DD986DA8B}.Release|x86.Build.0 = Release|Win32
	EndGlobalSection
	GlobalSection(SolutionProperties) = preSolution
		HideSolutionNode = FALSE
	EndGlobalSection
	GlobalSection(ExtensibilityGlobals) = postSolution
		SolutionGuid = {ADC41674-E5EC-4194-82B3-586F49DD7A76}
	EndGlobalSection
EndGlobal
