
Microsoft Visual Studio Solution File, Format Version 12.00
# Visual Studio Version 16
VisualStudioVersion = 16.0.31515.178
MinimumVisualStudioVersion = 10.0.40219.1
Project("{8BC9CEB8-8B4A-11D0-8D11-00A0C91BC942}") = "프로그램9-3", "프로그램9-3.vcxproj", "{3F20662C-B3FE-4561-867E-1735E1563E41}"
EndProject
Global
	GlobalSection(SolutionConfigurationPlatforms) = preSolution
		Debug|x64 = Debug|x64
		Debug|x86 = Debug|x86
		Release|x64 = Release|x64
		Release|x86 = Release|x86
	EndGlobalSection
	GlobalSection(ProjectConfigurationPlatforms) = postSolution
		{3F20662C-B3FE-4561-867E-1735E1563E41}.Debug|x64.ActiveCfg = Debug|x64
		{3F20662C-B3FE-4561-867E-1735E1563E41}.Debug|x64.Build.0 = Debug|x64
		{3F20662C-B3FE-4561-867E-1735E1563E41}.Debug|x86.ActiveCfg = Debug|Win32
		{3F20662C-B3FE-4561-867E-1735E1563E41}.Debug|x86.Build.0 = Debug|Win32
		{3F20662C-B3FE-4561-867E-1735E1563E41}.Release|x64.ActiveCfg = Release|x64
		{3F20662C-B3FE-4561-867E-1735E1563E41}.Release|x64.Build.0 = Release|x64
		{3F20662C-B3FE-4561-867E-1735E1563E41}.Release|x86.ActiveCfg = Release|Win32
		{3F20662C-B3FE-4561-867E-1735E1563E41}.Release|x86.Build.0 = Release|Win32
	EndGlobalSection
	GlobalSection(SolutionProperties) = preSolution
		HideSolutionNode = FALSE
	EndGlobalSection
	GlobalSection(ExtensibilityGlobals) = postSolution
		SolutionGuid = {F116DF81-BA22-4E53-9F29-91B2F602985A}
	EndGlobalSection
EndGlobal
