
Microsoft Visual Studio Solution File, Format Version 12.00
# Visual Studio Version 16
VisualStudioVersion = 16.0.31515.178
MinimumVisualStudioVersion = 10.0.40219.1
Project("{8BC9CEB8-8B4A-11D0-8D11-00A0C91BC942}") = "prac7", "prac7.vcxproj", "{0A2C5EA8-D635-4D09-AA9C-8A946ECBE502}"
EndProject
Global
	GlobalSection(SolutionConfigurationPlatforms) = preSolution
		Debug|x64 = Debug|x64
		Debug|x86 = Debug|x86
		Release|x64 = Release|x64
		Release|x86 = Release|x86
	EndGlobalSection
	GlobalSection(ProjectConfigurationPlatforms) = postSolution
		{0A2C5EA8-D635-4D09-AA9C-8A946ECBE502}.Debug|x64.ActiveCfg = Debug|x64
		{0A2C5EA8-D635-4D09-AA9C-8A946ECBE502}.Debug|x64.Build.0 = Debug|x64
		{0A2C5EA8-D635-4D09-AA9C-8A946ECBE502}.Debug|x86.ActiveCfg = Debug|Win32
		{0A2C5EA8-D635-4D09-AA9C-8A946ECBE502}.Debug|x86.Build.0 = Debug|Win32
		{0A2C5EA8-D635-4D09-AA9C-8A946ECBE502}.Release|x64.ActiveCfg = Release|x64
		{0A2C5EA8-D635-4D09-AA9C-8A946ECBE502}.Release|x64.Build.0 = Release|x64
		{0A2C5EA8-D635-4D09-AA9C-8A946ECBE502}.Release|x86.ActiveCfg = Release|Win32
		{0A2C5EA8-D635-4D09-AA9C-8A946ECBE502}.Release|x86.Build.0 = Release|Win32
	EndGlobalSection
	GlobalSection(SolutionProperties) = preSolution
		HideSolutionNode = FALSE
	EndGlobalSection
	GlobalSection(ExtensibilityGlobals) = postSolution
		SolutionGuid = {7EA2C6C3-A64D-43DB-A6D0-FF6BC83D2656}
	EndGlobalSection
EndGlobal
