
Microsoft Visual Studio Solution File, Format Version 12.00
# Visual Studio Version 16
VisualStudioVersion = 16.0.31515.178
MinimumVisualStudioVersion = 10.0.40219.1
Project("{8BC9CEB8-8B4A-11D0-8D11-00A0C91BC942}") = "프로그램12-1", "프로그램12-1.vcxproj", "{80C7A985-5CB1-465F-A9FF-CCC80D837FB5}"
EndProject
Global
	GlobalSection(SolutionConfigurationPlatforms) = preSolution
		Debug|x64 = Debug|x64
		Debug|x86 = Debug|x86
		Release|x64 = Release|x64
		Release|x86 = Release|x86
	EndGlobalSection
	GlobalSection(ProjectConfigurationPlatforms) = postSolution
		{80C7A985-5CB1-465F-A9FF-CCC80D837FB5}.Debug|x64.ActiveCfg = Debug|x64
		{80C7A985-5CB1-465F-A9FF-CCC80D837FB5}.Debug|x64.Build.0 = Debug|x64
		{80C7A985-5CB1-465F-A9FF-CCC80D837FB5}.Debug|x86.ActiveCfg = Debug|Win32
		{80C7A985-5CB1-465F-A9FF-CCC80D837FB5}.Debug|x86.Build.0 = Debug|Win32
		{80C7A985-5CB1-465F-A9FF-CCC80D837FB5}.Release|x64.ActiveCfg = Release|x64
		{80C7A985-5CB1-465F-A9FF-CCC80D837FB5}.Release|x64.Build.0 = Release|x64
		{80C7A985-5CB1-465F-A9FF-CCC80D837FB5}.Release|x86.ActiveCfg = Release|Win32
		{80C7A985-5CB1-465F-A9FF-CCC80D837FB5}.Release|x86.Build.0 = Release|Win32
	EndGlobalSection
	GlobalSection(SolutionProperties) = preSolution
		HideSolutionNode = FALSE
	EndGlobalSection
	GlobalSection(ExtensibilityGlobals) = postSolution
		SolutionGuid = {4A81F0B6-BC82-48D0-BBED-F587A95AD10C}
	EndGlobalSection
EndGlobal
