
Microsoft Visual Studio Solution File, Format Version 12.00
# Visual Studio Version 16
VisualStudioVersion = 16.0.31515.178
MinimumVisualStudioVersion = 10.0.40219.1
Project("{8BC9CEB8-8B4A-11D0-8D11-00A0C91BC942}") = "프로그램7-10", "프로그램7-10.vcxproj", "{887A29E7-48F4-4365-B752-B29635AF1F1E}"
EndProject
Global
	GlobalSection(SolutionConfigurationPlatforms) = preSolution
		Debug|x64 = Debug|x64
		Debug|x86 = Debug|x86
		Release|x64 = Release|x64
		Release|x86 = Release|x86
	EndGlobalSection
	GlobalSection(ProjectConfigurationPlatforms) = postSolution
		{887A29E7-48F4-4365-B752-B29635AF1F1E}.Debug|x64.ActiveCfg = Debug|x64
		{887A29E7-48F4-4365-B752-B29635AF1F1E}.Debug|x64.Build.0 = Debug|x64
		{887A29E7-48F4-4365-B752-B29635AF1F1E}.Debug|x86.ActiveCfg = Debug|Win32
		{887A29E7-48F4-4365-B752-B29635AF1F1E}.Debug|x86.Build.0 = Debug|Win32
		{887A29E7-48F4-4365-B752-B29635AF1F1E}.Release|x64.ActiveCfg = Release|x64
		{887A29E7-48F4-4365-B752-B29635AF1F1E}.Release|x64.Build.0 = Release|x64
		{887A29E7-48F4-4365-B752-B29635AF1F1E}.Release|x86.ActiveCfg = Release|Win32
		{887A29E7-48F4-4365-B752-B29635AF1F1E}.Release|x86.Build.0 = Release|Win32
	EndGlobalSection
	GlobalSection(SolutionProperties) = preSolution
		HideSolutionNode = FALSE
	EndGlobalSection
	GlobalSection(ExtensibilityGlobals) = postSolution
		SolutionGuid = {43F66FF2-EDDF-4D3C-BA71-9EDFF465B0B9}
	EndGlobalSection
EndGlobal
