
Microsoft Visual Studio Solution File, Format Version 12.00
# Visual Studio Version 16
VisualStudioVersion = 16.0.31515.178
MinimumVisualStudioVersion = 10.0.40219.1
Project("{8BC9CEB8-8B4A-11D0-8D11-00A0C91BC942}") = "프로그램9-2", "프로그램9-2.vcxproj", "{E5D2CF91-96A2-4287-BC22-DA5DF30ADBE0}"
EndProject
Global
	GlobalSection(SolutionConfigurationPlatforms) = preSolution
		Debug|x64 = Debug|x64
		Debug|x86 = Debug|x86
		Release|x64 = Release|x64
		Release|x86 = Release|x86
	EndGlobalSection
	GlobalSection(ProjectConfigurationPlatforms) = postSolution
		{E5D2CF91-96A2-4287-BC22-DA5DF30ADBE0}.Debug|x64.ActiveCfg = Debug|x64
		{E5D2CF91-96A2-4287-BC22-DA5DF30ADBE0}.Debug|x64.Build.0 = Debug|x64
		{E5D2CF91-96A2-4287-BC22-DA5DF30ADBE0}.Debug|x86.ActiveCfg = Debug|Win32
		{E5D2CF91-96A2-4287-BC22-DA5DF30ADBE0}.Debug|x86.Build.0 = Debug|Win32
		{E5D2CF91-96A2-4287-BC22-DA5DF30ADBE0}.Release|x64.ActiveCfg = Release|x64
		{E5D2CF91-96A2-4287-BC22-DA5DF30ADBE0}.Release|x64.Build.0 = Release|x64
		{E5D2CF91-96A2-4287-BC22-DA5DF30ADBE0}.Release|x86.ActiveCfg = Release|Win32
		{E5D2CF91-96A2-4287-BC22-DA5DF30ADBE0}.Release|x86.Build.0 = Release|Win32
	EndGlobalSection
	GlobalSection(SolutionProperties) = preSolution
		HideSolutionNode = FALSE
	EndGlobalSection
	GlobalSection(ExtensibilityGlobals) = postSolution
		SolutionGuid = {0E82E7B6-F294-4417-A21A-5F8D3304F690}
	EndGlobalSection
EndGlobal
