
Microsoft Visual Studio Solution File, Format Version 12.00
# Visual Studio Version 16
VisualStudioVersion = 16.0.31515.178
MinimumVisualStudioVersion = 10.0.40219.1
Project("{8BC9CEB8-8B4A-11D0-8D11-00A0C91BC942}") = "프로그램8-3", "프로그램8-3.vcxproj", "{D0489FAB-EB95-45B3-BFB5-BE246FFA877B}"
EndProject
Global
	GlobalSection(SolutionConfigurationPlatforms) = preSolution
		Debug|x64 = Debug|x64
		Debug|x86 = Debug|x86
		Release|x64 = Release|x64
		Release|x86 = Release|x86
	EndGlobalSection
	GlobalSection(ProjectConfigurationPlatforms) = postSolution
		{D0489FAB-EB95-45B3-BFB5-BE246FFA877B}.Debug|x64.ActiveCfg = Debug|x64
		{D0489FAB-EB95-45B3-BFB5-BE246FFA877B}.Debug|x64.Build.0 = Debug|x64
		{D0489FAB-EB95-45B3-BFB5-BE246FFA877B}.Debug|x86.ActiveCfg = Debug|Win32
		{D0489FAB-EB95-45B3-BFB5-BE246FFA877B}.Debug|x86.Build.0 = Debug|Win32
		{D0489FAB-EB95-45B3-BFB5-BE246FFA877B}.Release|x64.ActiveCfg = Release|x64
		{D0489FAB-EB95-45B3-BFB5-BE246FFA877B}.Release|x64.Build.0 = Release|x64
		{D0489FAB-EB95-45B3-BFB5-BE246FFA877B}.Release|x86.ActiveCfg = Release|Win32
		{D0489FAB-EB95-45B3-BFB5-BE246FFA877B}.Release|x86.Build.0 = Release|Win32
	EndGlobalSection
	GlobalSection(SolutionProperties) = preSolution
		HideSolutionNode = FALSE
	EndGlobalSection
	GlobalSection(ExtensibilityGlobals) = postSolution
		SolutionGuid = {B0DC0156-9B97-4CFD-B29C-17D3A2499808}
	EndGlobalSection
EndGlobal
