
Microsoft Visual Studio Solution File, Format Version 12.00
# Visual Studio Version 16
VisualStudioVersion = 16.0.31515.178
MinimumVisualStudioVersion = 10.0.40219.1
Project("{8BC9CEB8-8B4A-11D0-8D11-00A0C91BC942}") = "프로그램8-12", "프로그램8-12.vcxproj", "{5B334698-BD97-45AF-9F7E-9A137A75ABAF}"
EndProject
Global
	GlobalSection(SolutionConfigurationPlatforms) = preSolution
		Debug|x64 = Debug|x64
		Debug|x86 = Debug|x86
		Release|x64 = Release|x64
		Release|x86 = Release|x86
	EndGlobalSection
	GlobalSection(ProjectConfigurationPlatforms) = postSolution
		{5B334698-BD97-45AF-9F7E-9A137A75ABAF}.Debug|x64.ActiveCfg = Debug|x64
		{5B334698-BD97-45AF-9F7E-9A137A75ABAF}.Debug|x64.Build.0 = Debug|x64
		{5B334698-BD97-45AF-9F7E-9A137A75ABAF}.Debug|x86.ActiveCfg = Debug|Win32
		{5B334698-BD97-45AF-9F7E-9A137A75ABAF}.Debug|x86.Build.0 = Debug|Win32
		{5B334698-BD97-45AF-9F7E-9A137A75ABAF}.Release|x64.ActiveCfg = Release|x64
		{5B334698-BD97-45AF-9F7E-9A137A75ABAF}.Release|x64.Build.0 = Release|x64
		{5B334698-BD97-45AF-9F7E-9A137A75ABAF}.Release|x86.ActiveCfg = Release|Win32
		{5B334698-BD97-45AF-9F7E-9A137A75ABAF}.Release|x86.Build.0 = Release|Win32
	EndGlobalSection
	GlobalSection(SolutionProperties) = preSolution
		HideSolutionNode = FALSE
	EndGlobalSection
	GlobalSection(ExtensibilityGlobals) = postSolution
		SolutionGuid = {34F51785-1D53-48F0-9775-E6F1909DADD2}
	EndGlobalSection
EndGlobal
